{
  "nodes": {
    "nixpkgs": {
      "locked": {
        "lastModified": 1690640159,
        "narHash": "",
        "owner": "nixos",
        "repo": "nixpkgs",
        "rev": "",
        "type": "github",
      },
      "original": {
        "owner": "nixos",
        "ref": "nixos-unstable",
        "repo": "nixpkgs",
        "type": "github"
      }
    },
    "root": {
      "inputs" {
        "nixpkgs": "nixpkgs"
      }
    }
  },
  "root": "root",
  "version": 7
}